{
  "lockfileVersion": 1,
  "workspaces": {
    "": {
      "name": "vane_host_functions",
      "dependencies": {
        "@polkadot/api": "^16.4.4",
        "@solana/web3.js": "^1.98.4",
        "viem": "^2.33.3",
      },
      "devDependencies": {
        "@types/bun": "^1.2.20",
      },
      "peerDependencies": {
        "typescript": "^5.0.0",
      },
    },
  },
  "packages": {
    "@adraffy/ens-normalize": ["@adraffy/ens-normalize@1.11.0", "", {}, "sha512-/3DDPKHqqIqxUULp8yP4zODUY1i+2xvVWsv8A79xGWdCAG+8sb0hRh0Rk2QyOJUnnbyPUAZYcpBuRe3nS2OIUg=="],

    "@babel/runtime": ["@babel/runtime@7.28.3", "", {}, "sha512-9uIQ10o0WGdpP6GDhXcdOJPJuDgFtIDtN/9+ArJQ2NAfAmiuhTQdzkaTGR33v43GYS2UrSA0eX2pPPHoFVvpxA=="],

    "@noble/ciphers": ["@noble/ciphers@1.3.0", "", {}, "sha512-2I0gnIVPtfnMw9ee9h1dJG7tp81+8Ob3OJb3Mv37rx5L40/b0i7djjCVvGOVqc9AEIQyvyu1i6ypKdFw8R8gQw=="],

    "@noble/curves": ["@noble/curves@1.9.2", "", { "dependencies": { "@noble/hashes": "1.8.0" } }, "sha512-HxngEd2XUcg9xi20JkwlLCtYwfoFw4JGkuZpT+WlsPD4gB/cxkvTD8fSsoAnphGZhFdZYKeQIPCuFlWPm1uE0g=="],

    "@noble/hashes": ["@noble/hashes@1.8.0", "", {}, "sha512-jCs9ldd7NwzpgXDIf6P3+NrHh9/sD6CQdxHyjQI+h/6rDNo88ypBxxz45UDuZHz9r3tNz7N/VInSVoVdtXEI4A=="],

    "@polkadot-api/json-rpc-provider": ["@polkadot-api/json-rpc-provider@0.0.1", "", {}, "sha512-/SMC/l7foRjpykLTUTacIH05H3mr9ip8b5xxfwXlVezXrNVLp3Cv0GX6uItkKd+ZjzVPf3PFrDF2B2/HLSNESA=="],

    "@polkadot-api/json-rpc-provider-proxy": ["@polkadot-api/json-rpc-provider-proxy@0.1.0", "", {}, "sha512-8GSFE5+EF73MCuLQm8tjrbCqlgclcHBSRaswvXziJ0ZW7iw3UEMsKkkKvELayWyBuOPa2T5i1nj6gFOeIsqvrg=="],

    "@polkadot-api/metadata-builders": ["@polkadot-api/metadata-builders@0.3.2", "", { "dependencies": { "@polkadot-api/substrate-bindings": "0.6.0", "@polkadot-api/utils": "0.1.0" } }, "sha512-TKpfoT6vTb+513KDzMBTfCb/ORdgRnsS3TDFpOhAhZ08ikvK+hjHMt5plPiAX/OWkm1Wc9I3+K6W0hX5Ab7MVg=="],

    "@polkadot-api/observable-client": ["@polkadot-api/observable-client@0.3.2", "", { "dependencies": { "@polkadot-api/metadata-builders": "0.3.2", "@polkadot-api/substrate-bindings": "0.6.0", "@polkadot-api/utils": "0.1.0" }, "peerDependencies": { "@polkadot-api/substrate-client": "0.1.4", "rxjs": ">=7.8.0" } }, "sha512-HGgqWgEutVyOBXoGOPp4+IAq6CNdK/3MfQJmhCJb8YaJiaK4W6aRGrdQuQSTPHfERHCARt9BrOmEvTXAT257Ug=="],

    "@polkadot-api/substrate-bindings": ["@polkadot-api/substrate-bindings@0.6.0", "", { "dependencies": { "@noble/hashes": "^1.3.1", "@polkadot-api/utils": "0.1.0", "@scure/base": "^1.1.1", "scale-ts": "^1.6.0" } }, "sha512-lGuhE74NA1/PqdN7fKFdE5C1gNYX357j1tWzdlPXI0kQ7h3kN0zfxNOpPUN7dIrPcOFZ6C0tRRVrBylXkI6xPw=="],

    "@polkadot-api/substrate-client": ["@polkadot-api/substrate-client@0.1.4", "", { "dependencies": { "@polkadot-api/json-rpc-provider": "0.0.1", "@polkadot-api/utils": "0.1.0" } }, "sha512-MljrPobN0ZWTpn++da9vOvt+Ex+NlqTlr/XT7zi9sqPtDJiQcYl+d29hFAgpaeTqbeQKZwz3WDE9xcEfLE8c5A=="],

    "@polkadot-api/utils": ["@polkadot-api/utils@0.1.0", "", {}, "sha512-MXzWZeuGxKizPx2Xf/47wx9sr/uxKw39bVJUptTJdsaQn/TGq+z310mHzf1RCGvC1diHM8f593KrnDgc9oNbJA=="],

    "@polkadot/api": ["@polkadot/api@16.4.4", "", { "dependencies": { "@polkadot/api-augment": "16.4.4", "@polkadot/api-base": "16.4.4", "@polkadot/api-derive": "16.4.4", "@polkadot/keyring": "^13.5.5", "@polkadot/rpc-augment": "16.4.4", "@polkadot/rpc-core": "16.4.4", "@polkadot/rpc-provider": "16.4.4", "@polkadot/types": "16.4.4", "@polkadot/types-augment": "16.4.4", "@polkadot/types-codec": "16.4.4", "@polkadot/types-create": "16.4.4", "@polkadot/types-known": "16.4.4", "@polkadot/util": "^13.5.5", "@polkadot/util-crypto": "^13.5.5", "eventemitter3": "^5.0.1", "rxjs": "^7.8.1", "tslib": "^2.8.1" } }, "sha512-/bW3nWNTB+vP7AZCJeUUSe22Bm828DC/WEqYqor8E/Lwlt5+ilK5t95aYGuWJDm2CLKY+GzLRHIzh/CkVjjdqw=="],

    "@polkadot/api-augment": ["@polkadot/api-augment@16.4.4", "", { "dependencies": { "@polkadot/api-base": "16.4.4", "@polkadot/rpc-augment": "16.4.4", "@polkadot/types": "16.4.4", "@polkadot/types-augment": "16.4.4", "@polkadot/types-codec": "16.4.4", "@polkadot/util": "^13.5.5", "tslib": "^2.8.1" } }, "sha512-la6pvG/zlys4d9ZdwTNmyl5s/gQeG6+6bfcAEfOKeu55AqXGbZO9NHZ2etFBHpmqAhqEdzrecPi7qE+s+qlXNA=="],

    "@polkadot/api-base": ["@polkadot/api-base@16.4.4", "", { "dependencies": { "@polkadot/rpc-core": "16.4.4", "@polkadot/types": "16.4.4", "@polkadot/util": "^13.5.5", "rxjs": "^7.8.1", "tslib": "^2.8.1" } }, "sha512-/mlST5Mw1SbiPmEwxpRYe+kLmBjU0yfUKiM00rSleqLGLEiCKuY1zs2O1myG7YBIWUE6NvkoGvRKewnWdGQFRA=="],

    "@polkadot/api-derive": ["@polkadot/api-derive@16.4.4", "", { "dependencies": { "@polkadot/api": "16.4.4", "@polkadot/api-augment": "16.4.4", "@polkadot/api-base": "16.4.4", "@polkadot/rpc-core": "16.4.4", "@polkadot/types": "16.4.4", "@polkadot/types-codec": "16.4.4", "@polkadot/util": "^13.5.5", "@polkadot/util-crypto": "^13.5.5", "rxjs": "^7.8.1", "tslib": "^2.8.1" } }, "sha512-aN2z6J3+/wz6sge/+WaaqRnFclNkZLOYLNOtPQ+PfIT2RC2g8M2LMoJVAVDxnNketaIN6KheWwywvExpQLb8AQ=="],

    "@polkadot/keyring": ["@polkadot/keyring@13.5.5", "", { "dependencies": { "@polkadot/util": "13.5.5", "@polkadot/util-crypto": "13.5.5", "tslib": "^2.8.0" } }, "sha512-ijk3nuol67CBvI5V2ruWC6M7VjapE/GyF4F3tk5yp+psEwC98UQjhX+ykzek+9CMSV0C/dTVBbHsmeFIfnWhVw=="],

    "@polkadot/networks": ["@polkadot/networks@13.5.5", "", { "dependencies": { "@polkadot/util": "13.5.5", "@substrate/ss58-registry": "^1.51.0", "tslib": "^2.8.0" } }, "sha512-gTaKVSDRxjNAQ/oFMA83DXOo8A+/LP4XePbEHxNCku/Ox5R3IYGKTeZhlHgYtUZvdZgK+miyroEyz1Eq6Z9p+Q=="],

    "@polkadot/rpc-augment": ["@polkadot/rpc-augment@16.4.4", "", { "dependencies": { "@polkadot/rpc-core": "16.4.4", "@polkadot/types": "16.4.4", "@polkadot/types-codec": "16.4.4", "@polkadot/util": "^13.5.5", "tslib": "^2.8.1" } }, "sha512-QXrDNfGun/mmQgZlpSlU8FyXG8R9c10GU8JRq6TNWHvbz6VyDjFrxZqDuVFHCGOKgdBVRYTa8nh4ENo1juubAQ=="],

    "@polkadot/rpc-core": ["@polkadot/rpc-core@16.4.4", "", { "dependencies": { "@polkadot/rpc-augment": "16.4.4", "@polkadot/rpc-provider": "16.4.4", "@polkadot/types": "16.4.4", "@polkadot/util": "^13.5.5", "rxjs": "^7.8.1", "tslib": "^2.8.1" } }, "sha512-z+UGNfme0AE2QUIBefu3rmjVnjF7hWtEdc3x5GwV5vux+RlTKfBDkpINX3pOXfrd+CiZsxVBlax/K1EByaIWNA=="],

    "@polkadot/rpc-provider": ["@polkadot/rpc-provider@16.4.4", "", { "dependencies": { "@polkadot/keyring": "^13.5.5", "@polkadot/types": "16.4.4", "@polkadot/types-support": "16.4.4", "@polkadot/util": "^13.5.5", "@polkadot/util-crypto": "^13.5.5", "@polkadot/x-fetch": "^13.5.5", "@polkadot/x-global": "^13.5.5", "@polkadot/x-ws": "^13.5.5", "eventemitter3": "^5.0.1", "mock-socket": "^9.3.1", "nock": "^13.5.5", "tslib": "^2.8.1" }, "optionalDependencies": { "@substrate/connect": "0.8.11" } }, "sha512-a6TKKMJOcpEdN9+47EdXtBVIgkueHC2j6Ss0khnZ1ieNyPzf11g8mElhaLNosXwSTrBmsv4B6rCvQezStcNEdA=="],

    "@polkadot/types": ["@polkadot/types@16.4.4", "", { "dependencies": { "@polkadot/keyring": "^13.5.5", "@polkadot/types-augment": "16.4.4", "@polkadot/types-codec": "16.4.4", "@polkadot/types-create": "16.4.4", "@polkadot/util": "^13.5.5", "@polkadot/util-crypto": "^13.5.5", "rxjs": "^7.8.1", "tslib": "^2.8.1" } }, "sha512-8vVHvS9PZk3iS5RRLoZI3o8v4lRTzL06NbX81CJIQJXl1Ij0D5gL8BvsSjy3uDbQ8Qua79faBy78hA/P2PO7nQ=="],

    "@polkadot/types-augment": ["@polkadot/types-augment@16.4.4", "", { "dependencies": { "@polkadot/types": "16.4.4", "@polkadot/types-codec": "16.4.4", "@polkadot/util": "^13.5.5", "tslib": "^2.8.1" } }, "sha512-hyLcPz+a5J1BH+3e7V0RrLxuguk0gpYFppEStTIKDg6ZSVqe2CXsz03gM981/k8rIGcHSwZNchjsAI0VBmvsJA=="],

    "@polkadot/types-codec": ["@polkadot/types-codec@16.4.4", "", { "dependencies": { "@polkadot/util": "^13.5.5", "@polkadot/x-bigint": "^13.5.5", "tslib": "^2.8.1" } }, "sha512-jJHlSy7dr3I6ExZrGdMhr4HdaTFgjlTBNHilrwsI61Kz5nQMwBmD8vSVfs1c+gtjdM9CndmXs8yBQM/TpzPd9g=="],

    "@polkadot/types-create": ["@polkadot/types-create@16.4.4", "", { "dependencies": { "@polkadot/types-codec": "16.4.4", "@polkadot/util": "^13.5.5", "tslib": "^2.8.1" } }, "sha512-vxYW1Km6iRajS/fuFKUJ5CUY320gLqCtjHrQEUr3AovqmE1UH96Y7nYaOcKko7xB3d0BBJvkrsBQu4oV83NABg=="],

    "@polkadot/types-known": ["@polkadot/types-known@16.4.4", "", { "dependencies": { "@polkadot/networks": "^13.5.5", "@polkadot/types": "16.4.4", "@polkadot/types-codec": "16.4.4", "@polkadot/types-create": "16.4.4", "@polkadot/util": "^13.5.5", "tslib": "^2.8.1" } }, "sha512-ia1uu0fHjhiGOCGSQtkdo7oz+i/kyzDiHI7AKFNl23l0lZpDc3BpwVLbbbiapZwCrIMgItpNaMOhAppnAz9Zzw=="],

    "@polkadot/types-support": ["@polkadot/types-support@16.4.4", "", { "dependencies": { "@polkadot/util": "^13.5.5", "tslib": "^2.8.1" } }, "sha512-wntILKwQ+IGK1wOGk9rVmOT6s07wupu47eL56Bt5JiIcxMZPqRfgC2KkC3UCcE5tnxXQ1dKhMPsVWzHYDb2xmw=="],

    "@polkadot/util": ["@polkadot/util@13.5.5", "", { "dependencies": { "@polkadot/x-bigint": "13.5.5", "@polkadot/x-global": "13.5.5", "@polkadot/x-textdecoder": "13.5.5", "@polkadot/x-textencoder": "13.5.5", "@types/bn.js": "^5.1.6", "bn.js": "^5.2.1", "tslib": "^2.8.0" } }, "sha512-O3sGI8vWmv5o1cd8fDkc+cZGpUsG+ZUFAOitgv6bRt5llaBqS5VpTrUANEjfgUMgUuTn7Y2cPKGDLItYr5WnUg=="],

    "@polkadot/util-crypto": ["@polkadot/util-crypto@13.5.5", "", { "dependencies": { "@noble/curves": "^1.3.0", "@noble/hashes": "^1.3.3", "@polkadot/networks": "13.5.5", "@polkadot/util": "13.5.5", "@polkadot/wasm-crypto": "^7.4.1", "@polkadot/wasm-util": "^7.4.1", "@polkadot/x-bigint": "13.5.5", "@polkadot/x-randomvalues": "13.5.5", "@scure/base": "^1.1.7", "tslib": "^2.8.0" } }, "sha512-LAHarViiPwjrXl05fXOV5pW6jvK8A0Y6uIJnttSSERjTKqG5O4VtgRAcqLXShTp1rEVE5T4DaIX5xZd7azBHyg=="],

    "@polkadot/wasm-bridge": ["@polkadot/wasm-bridge@7.4.1", "", { "dependencies": { "@polkadot/wasm-util": "7.4.1", "tslib": "^2.7.0" }, "peerDependencies": { "@polkadot/util": "*", "@polkadot/x-randomvalues": "*" } }, "sha512-tdkJaV453tezBxhF39r4oeG0A39sPKGDJmN81LYLf+Fihb7astzwju+u75BRmDrHZjZIv00un3razJEWCxze6g=="],

    "@polkadot/wasm-crypto": ["@polkadot/wasm-crypto@7.4.1", "", { "dependencies": { "@polkadot/wasm-bridge": "7.4.1", "@polkadot/wasm-crypto-asmjs": "7.4.1", "@polkadot/wasm-crypto-init": "7.4.1", "@polkadot/wasm-crypto-wasm": "7.4.1", "@polkadot/wasm-util": "7.4.1", "tslib": "^2.7.0" }, "peerDependencies": { "@polkadot/util": "*", "@polkadot/x-randomvalues": "*" } }, "sha512-kHN/kF7hYxm1y0WeFLWeWir6oTzvcFmR4N8fJJokR+ajYbdmrafPN+6iLgQVbhZnDdxyv9jWDuRRsDnBx8tPMQ=="],

    "@polkadot/wasm-crypto-asmjs": ["@polkadot/wasm-crypto-asmjs@7.4.1", "", { "dependencies": { "tslib": "^2.7.0" }, "peerDependencies": { "@polkadot/util": "*" } }, "sha512-pwU8QXhUW7IberyHJIQr37IhbB6DPkCG5FhozCiNTq4vFBsFPjm9q8aZh7oX1QHQaiAZa2m2/VjIVE+FHGbvHQ=="],

    "@polkadot/wasm-crypto-init": ["@polkadot/wasm-crypto-init@7.4.1", "", { "dependencies": { "@polkadot/wasm-bridge": "7.4.1", "@polkadot/wasm-crypto-asmjs": "7.4.1", "@polkadot/wasm-crypto-wasm": "7.4.1", "@polkadot/wasm-util": "7.4.1", "tslib": "^2.7.0" }, "peerDependencies": { "@polkadot/util": "*", "@polkadot/x-randomvalues": "*" } }, "sha512-AVka33+f7MvXEEIGq5U0dhaA2SaXMXnxVCQyhJTaCnJ5bRDj0Xlm3ijwDEQUiaDql7EikbkkRtmlvs95eSUWYQ=="],

    "@polkadot/wasm-crypto-wasm": ["@polkadot/wasm-crypto-wasm@7.4.1", "", { "dependencies": { "@polkadot/wasm-util": "7.4.1", "tslib": "^2.7.0" }, "peerDependencies": { "@polkadot/util": "*" } }, "sha512-PE1OAoupFR0ZOV2O8tr7D1FEUAwaggzxtfs3Aa5gr+yxlSOaWUKeqsOYe1KdrcjmZVV3iINEAXxgrbzCmiuONg=="],

    "@polkadot/wasm-util": ["@polkadot/wasm-util@7.4.1", "", { "dependencies": { "tslib": "^2.7.0" }, "peerDependencies": { "@polkadot/util": "*" } }, "sha512-RAcxNFf3zzpkr+LX/ItAsvj+QyM56TomJ0xjUMo4wKkHjwsxkz4dWJtx5knIgQz/OthqSDMR59VNEycQeNuXzA=="],

    "@polkadot/x-bigint": ["@polkadot/x-bigint@13.5.5", "", { "dependencies": { "@polkadot/x-global": "13.5.5", "tslib": "^2.8.0" } }, "sha512-SAd7Lfdgp6mz+utkoML8MN9FqTMCuPfk7v5rLJnm9vHgXw5uYnycbjH5Uc7ZgQIQWtMXJV3thrlltMan5DUXtA=="],

    "@polkadot/x-fetch": ["@polkadot/x-fetch@13.5.5", "", { "dependencies": { "@polkadot/x-global": "13.5.5", "node-fetch": "^3.3.2", "tslib": "^2.8.0" } }, "sha512-B26V9gLo253jdMC9Y4ZhfIhqzKGgXWGYVL4C2NNPTjzk6WV+MJ50VSF9oumi2ooaRLSw4aNUvgeHHXgMkpwqiA=="],

    "@polkadot/x-global": ["@polkadot/x-global@13.5.5", "", { "dependencies": { "tslib": "^2.8.0" } }, "sha512-fw+VM191bodacSeieMm8Vmrym4jjevX08IINDcQTd1gIOjtE5CriJhwfBbAF4WnlTp/11jhhbX4/SvWMubXAzQ=="],

    "@polkadot/x-randomvalues": ["@polkadot/x-randomvalues@13.5.5", "", { "dependencies": { "@polkadot/x-global": "13.5.5", "tslib": "^2.8.0" }, "peerDependencies": { "@polkadot/util": "13.5.5", "@polkadot/wasm-util": "*" } }, "sha512-W0AoNgr/NEVsHWegJUjUyI9Q1IoTHILIb/bkjyTcXTU3+2YFxP12ophhsI1dMaNbXqFotNyts7mNOsTVDnQNXA=="],

    "@polkadot/x-textdecoder": ["@polkadot/x-textdecoder@13.5.5", "", { "dependencies": { "@polkadot/x-global": "13.5.5", "tslib": "^2.8.0" } }, "sha512-KkZ1rqdJZ8tsRY0D5pLqfU8B/BrSQVEPMKHj4s/oc8dTrikfEUC+ELaH2jdrUqsZX6K/OTHjaF0J31YZcr7rCg=="],

    "@polkadot/x-textencoder": ["@polkadot/x-textencoder@13.5.5", "", { "dependencies": { "@polkadot/x-global": "13.5.5", "tslib": "^2.8.0" } }, "sha512-yEgUUojBb4goYf4V5I7urdJ+W+1aI13U1kZmUwMc+/G2YQz8pX3s/Tyb/iuxU5MlFh0AZZXP5NqUnFol+vwNEg=="],

    "@polkadot/x-ws": ["@polkadot/x-ws@13.5.5", "", { "dependencies": { "@polkadot/x-global": "13.5.5", "tslib": "^2.8.0", "ws": "^8.18.0" } }, "sha512-YwvoQwcpfWNxliAPiVeMT03mAvyFQNRmt8nILRBhfo+3YhvafDuehL01e1/jb6oXyNTG5FEaOZ+6+gLrq+e+yg=="],

    "@scure/base": ["@scure/base@1.2.6", "", {}, "sha512-g/nm5FgUa//MCj1gV09zTJTaM6KBAHqLN907YVQqf7zC49+DcO4B1so4ZX07Ef10Twr6nuqYEH9GEggFXA4Fmg=="],

    "@scure/bip32": ["@scure/bip32@1.7.0", "", { "dependencies": { "@noble/curves": "~1.9.0", "@noble/hashes": "~1.8.0", "@scure/base": "~1.2.5" } }, "sha512-E4FFX/N3f4B80AKWp5dP6ow+flD1LQZo/w8UnLGYZO674jS6YnYeepycOOksv+vLPSpgN35wgKgy+ybfTb2SMw=="],

    "@scure/bip39": ["@scure/bip39@1.6.0", "", { "dependencies": { "@noble/hashes": "~1.8.0", "@scure/base": "~1.2.5" } }, "sha512-+lF0BbLiJNwVlev4eKelw1WWLaiKXw7sSl8T6FvBlWkdX+94aGJ4o8XjUdlyhTCjd8c+B3KT3JfS8P0bLRNU6A=="],

    "@solana/buffer-layout": ["@solana/buffer-layout@4.0.1", "", { "dependencies": { "buffer": "~6.0.3" } }, "sha512-E1ImOIAD1tBZFRdjeM4/pzTiTApC0AOBGwyAMS4fwIodCWArzJ3DWdoh8cKxeFM2fElkxBh2Aqts1BPC373rHA=="],

    "@solana/codecs-core": ["@solana/codecs-core@2.3.0", "", { "dependencies": { "@solana/errors": "2.3.0" }, "peerDependencies": { "typescript": ">=5.3.3" } }, "sha512-oG+VZzN6YhBHIoSKgS5ESM9VIGzhWjEHEGNPSibiDTxFhsFWxNaz8LbMDPjBUE69r9wmdGLkrQ+wVPbnJcZPvw=="],

    "@solana/codecs-numbers": ["@solana/codecs-numbers@2.3.0", "", { "dependencies": { "@solana/codecs-core": "2.3.0", "@solana/errors": "2.3.0" }, "peerDependencies": { "typescript": ">=5.3.3" } }, "sha512-jFvvwKJKffvG7Iz9dmN51OGB7JBcy2CJ6Xf3NqD/VP90xak66m/Lg48T01u5IQ/hc15mChVHiBm+HHuOFDUrQg=="],

    "@solana/errors": ["@solana/errors@2.3.0", "", { "dependencies": { "chalk": "^5.4.1", "commander": "^14.0.0" }, "peerDependencies": { "typescript": ">=5.3.3" }, "bin": { "errors": "bin/cli.mjs" } }, "sha512-66RI9MAbwYV0UtP7kGcTBVLxJgUxoZGm8Fbc0ah+lGiAw17Gugco6+9GrJCV83VyF2mDWyYnYM9qdI3yjgpnaQ=="],

    "@solana/web3.js": ["@solana/web3.js@1.98.4", "", { "dependencies": { "@babel/runtime": "^7.25.0", "@noble/curves": "^1.4.2", "@noble/hashes": "^1.4.0", "@solana/buffer-layout": "^4.0.1", "@solana/codecs-numbers": "^2.1.0", "agentkeepalive": "^4.5.0", "bn.js": "^5.2.1", "borsh": "^0.7.0", "bs58": "^4.0.1", "buffer": "6.0.3", "fast-stable-stringify": "^1.0.0", "jayson": "^4.1.1", "node-fetch": "^2.7.0", "rpc-websockets": "^9.0.2", "superstruct": "^2.0.2" } }, "sha512-vv9lfnvjUsRiq//+j5pBdXig0IQdtzA0BRZ3bXEP4KaIyF1CcaydWqgyzQgfZMNIsWNWmG+AUHwPy4AHOD6gpw=="],

    "@substrate/connect": ["@substrate/connect@0.8.11", "", { "dependencies": { "@substrate/connect-extension-protocol": "^2.0.0", "@substrate/connect-known-chains": "^1.1.5", "@substrate/light-client-extension-helpers": "^1.0.0", "smoldot": "2.0.26" } }, "sha512-ofLs1PAO9AtDdPbdyTYj217Pe+lBfTLltdHDs3ds8no0BseoLeAGxpz1mHfi7zB4IxI3YyAiLjH6U8cw4pj4Nw=="],

    "@substrate/connect-extension-protocol": ["@substrate/connect-extension-protocol@2.2.2", "", {}, "sha512-t66jwrXA0s5Goq82ZtjagLNd7DPGCNjHeehRlE/gcJmJ+G56C0W+2plqOMRicJ8XGR1/YFnUSEqUFiSNbjGrAA=="],

    "@substrate/connect-known-chains": ["@substrate/connect-known-chains@1.10.3", "", {}, "sha512-OJEZO1Pagtb6bNE3wCikc2wrmvEU5x7GxFFLqqbz1AJYYxSlrPCGu4N2og5YTExo4IcloNMQYFRkBGue0BKZ4w=="],

    "@substrate/light-client-extension-helpers": ["@substrate/light-client-extension-helpers@1.0.0", "", { "dependencies": { "@polkadot-api/json-rpc-provider": "^0.0.1", "@polkadot-api/json-rpc-provider-proxy": "^0.1.0", "@polkadot-api/observable-client": "^0.3.0", "@polkadot-api/substrate-client": "^0.1.2", "@substrate/connect-extension-protocol": "^2.0.0", "@substrate/connect-known-chains": "^1.1.5", "rxjs": "^7.8.1" }, "peerDependencies": { "smoldot": "2.x" } }, "sha512-TdKlni1mBBZptOaeVrKnusMg/UBpWUORNDv5fdCaJklP4RJiFOzBCrzC+CyVI5kQzsXBisZ+2pXm+rIjS38kHg=="],

    "@substrate/ss58-registry": ["@substrate/ss58-registry@1.51.0", "", {}, "sha512-TWDurLiPxndFgKjVavCniytBIw+t4ViOi7TYp9h/D0NMmkEc9klFTo+827eyEJ0lELpqO207Ey7uGxUa+BS1jQ=="],

    "@swc/helpers": ["@swc/helpers@0.5.17", "", { "dependencies": { "tslib": "^2.8.0" } }, "sha512-5IKx/Y13RsYd+sauPb2x+U/xZikHjolzfuDgTAl/Tdf3Q8rslRvC19NKDLgAJQ6wsqADk10ntlv08nPFw/gO/A=="],

    "@types/bn.js": ["@types/bn.js@5.2.0", "", { "dependencies": { "@types/node": "*" } }, "sha512-DLbJ1BPqxvQhIGbeu8VbUC1DiAiahHtAYvA0ZEAa4P31F7IaArc8z3C3BRQdWX4mtLQuABG4yzp76ZrS02Ui1Q=="],

    "@types/bun": ["@types/bun@1.2.20", "", { "dependencies": { "bun-types": "1.2.20" } }, "sha512-dX3RGzQ8+KgmMw7CsW4xT5ITBSCrSbfHc36SNT31EOUg/LA9JWq0VDdEXDRSe1InVWpd2yLUM1FUF/kEOyTzYA=="],

    "@types/connect": ["@types/connect@3.4.38", "", { "dependencies": { "@types/node": "*" } }, "sha512-K6uROf1LD88uDQqJCktA4yzL1YYAK6NgfsI0v/mTgyPKWsX1CnJ0XPSDhViejru1GcRkLWb8RlzFYJRqGUbaug=="],

    "@types/node": ["@types/node@24.2.1", "", { "dependencies": { "undici-types": "~7.10.0" } }, "sha512-DRh5K+ka5eJic8CjH7td8QpYEV6Zo10gfRkjHCO3weqZHWDtAaSTFtl4+VMqOJ4N5jcuhZ9/l+yy8rVgw7BQeQ=="],

    "@types/react": ["@types/react@19.1.10", "", { "dependencies": { "csstype": "^3.0.2" } }, "sha512-EhBeSYX0Y6ye8pNebpKrwFJq7BoQ8J5SO6NlvNwwHjSj6adXJViPQrKlsyPw7hLBLvckEMO1yxeGdR82YBBlDg=="],

    "@types/uuid": ["@types/uuid@8.3.4", "", {}, "sha512-c/I8ZRb51j+pYGAu5CrFMRxqZ2ke4y2grEBO5AUjgSkSk+qT2Ea+OdWElz/OiMf5MNpn2b17kuVBwZLQJXzihw=="],

    "@types/ws": ["@types/ws@7.4.7", "", { "dependencies": { "@types/node": "*" } }, "sha512-JQbbmxZTZehdc2iszGKs5oC3NFnjeay7mtAWrdt7qNtAVK0g19muApzAy4bm9byz79xa2ZnO/BOBC2R8RC5Lww=="],

    "abitype": ["abitype@1.0.8", "", { "peerDependencies": { "typescript": ">=5.0.4", "zod": "^3 >=3.22.0" }, "optionalPeers": ["typescript", "zod"] }, "sha512-ZeiI6h3GnW06uYDLx0etQtX/p8E24UaHHBj57RSjK7YBFe7iuVn07EDpOeP451D06sF27VOz9JJPlIKJmXgkEg=="],

    "agentkeepalive": ["agentkeepalive@4.6.0", "", { "dependencies": { "humanize-ms": "^1.2.1" } }, "sha512-kja8j7PjmncONqaTsB8fQ+wE2mSU2DJ9D4XKoJ5PFWIdRMa6SLSN1ff4mOr4jCbfRSsxR4keIiySJU0N9T5hIQ=="],

    "base-x": ["base-x@3.0.11", "", { "dependencies": { "safe-buffer": "^5.0.1" } }, "sha512-xz7wQ8xDhdyP7tQxwdteLYeFfS68tSMNCZ/Y37WJ4bhGfKPpqEIlmIyueQHqOyoPhE6xNUqjzRr8ra0eF9VRvA=="],

    "base64-js": ["base64-js@1.5.1", "", {}, "sha512-AKpaYlHn8t4SVbOHCy+b5+KKgvR4vrsD8vbvrbiQJps7fKDTkjkDry6ji0rUJjC0kzbNePLwzxq8iypo41qeWA=="],

    "bn.js": ["bn.js@5.2.2", "", {}, "sha512-v2YAxEmKaBLahNwE1mjp4WON6huMNeuDvagFZW+ASCuA/ku0bXR9hSMw0XpiqMoA3+rmnyck/tPRSFQkoC9Cuw=="],

    "borsh": ["borsh@0.7.0", "", { "dependencies": { "bn.js": "^5.2.0", "bs58": "^4.0.0", "text-encoding-utf-8": "^1.0.2" } }, "sha512-CLCsZGIBCFnPtkNnieW/a8wmreDmfUtjU2m9yHrzPXIlNbqVs0AQrSatSG6vdNYUqdc83tkQi2eHfF98ubzQLA=="],

    "bs58": ["bs58@4.0.1", "", { "dependencies": { "base-x": "^3.0.2" } }, "sha512-Ok3Wdf5vOIlBrgCvTq96gBkJw+JUEzdBgyaza5HLtPm7yTHkjRy8+JzNyHF7BHa0bNWOQIp3m5YF0nnFcOIKLw=="],

    "buffer": ["buffer@6.0.3", "", { "dependencies": { "base64-js": "^1.3.1", "ieee754": "^1.2.1" } }, "sha512-FTiCpNxtwiZZHEZbcbTIcZjERVICn9yq/pDFkTl95/AxzD1naBctN7YO68riM/gLSDY7sdrMby8hofADYuuqOA=="],

    "bufferutil": ["bufferutil@4.0.9", "", { "dependencies": { "node-gyp-build": "^4.3.0" } }, "sha512-WDtdLmJvAuNNPzByAYpRo2rF1Mmradw6gvWsQKf63476DDXmomT9zUiGypLcG4ibIM67vhAj8jJRdbmEws2Aqw=="],

    "bun-types": ["bun-types@1.2.20", "", { "dependencies": { "@types/node": "*" }, "peerDependencies": { "@types/react": "^19" } }, "sha512-pxTnQYOrKvdOwyiyd/7sMt9yFOenN004Y6O4lCcCUoKVej48FS5cvTw9geRaEcB9TsDZaJKAxPTVvi8tFsVuXA=="],

    "chalk": ["chalk@5.5.0", "", {}, "sha512-1tm8DTaJhPBG3bIkVeZt1iZM9GfSX2lzOeDVZH9R9ffRHpmHvxZ/QhgQH/aDTkswQVt+YHdXAdS/In/30OjCbg=="],

    "commander": ["commander@2.20.3", "", {}, "sha512-GpVkmM8vF2vQUkj2LvZmD35JxeJOLCwJ9cUkugyk2nuhbv3+mJvpLYYt+0+USMxE+oj+ey/lJEnhZw75x/OMcQ=="],

    "csstype": ["csstype@3.1.3", "", {}, "sha512-M1uQkMl8rQK/szD0LNhtqxIPLpimGm8sOBwU7lLnCpSbTyY3yeU1Vc7l4KT5zT4s/yOxHH5O7tIuuLOCnLADRw=="],

    "data-uri-to-buffer": ["data-uri-to-buffer@4.0.1", "", {}, "sha512-0R9ikRb668HB7QDxT1vkpuUBtqc53YyAwMwGeUFKRojY/NWKvdZ+9UYtRfGmhqNbRkTSVpMbmyhXipFFv2cb/A=="],

    "debug": ["debug@4.4.1", "", { "dependencies": { "ms": "^2.1.3" } }, "sha512-KcKCqiftBJcZr++7ykoDIEwSa3XWowTfNPo92BYxjXiyYEVrUQh2aLyhxBCwww+heortUFxEJYcRzosstTEBYQ=="],

    "delay": ["delay@5.0.0", "", {}, "sha512-ReEBKkIfe4ya47wlPYf/gu5ib6yUG0/Aez0JQZQz94kiWtRQvZIQbTiehsnwHvLSWJnQdhVeqYue7Id1dKr0qw=="],

    "es6-promise": ["es6-promise@4.2.8", "", {}, "sha512-HJDGx5daxeIvxdBxvG2cb9g4tEvwIk3i8+nhX0yGrYmZUzbkdg8QbDevheDB8gd0//uPj4c1EQua8Q+MViT0/w=="],

    "es6-promisify": ["es6-promisify@5.0.0", "", { "dependencies": { "es6-promise": "^4.0.3" } }, "sha512-C+d6UdsYDk0lMebHNR4S2NybQMMngAOnOwYBQjTOiv0MkoJMP0Myw2mgpDLBcpfCmRLxyFqYhS/CfOENq4SJhQ=="],

    "eventemitter3": ["eventemitter3@5.0.1", "", {}, "sha512-GWkBvjiSZK87ELrYOSESUYeVIc9mvLLf/nXalMOS5dYrgZq9o5OVkbZAVM06CVxYsCwH9BDZFPlQTlPA1j4ahA=="],

    "eyes": ["eyes@0.1.8", "", {}, "sha512-GipyPsXO1anza0AOZdy69Im7hGFCNB7Y/NGjDlZGJ3GJJLtwNSb2vrzYrTYJRrRloVx7pl+bhUaTB8yiccPvFQ=="],

    "fast-stable-stringify": ["fast-stable-stringify@1.0.0", "", {}, "sha512-wpYMUmFu5f00Sm0cj2pfivpmawLZ0NKdviQ4w9zJeR8JVtOpOxHmLaJuj0vxvGqMJQWyP/COUkF75/57OKyRag=="],

    "fetch-blob": ["fetch-blob@3.2.0", "", { "dependencies": { "node-domexception": "^1.0.0", "web-streams-polyfill": "^3.0.3" } }, "sha512-7yAQpD2UMJzLi1Dqv7qFYnPbaPx7ZfFK6PiIxQ4PfkGPyNyl2Ugx+a/umUonmKqjhM4DnfbMvdX6otXq83soQQ=="],

    "formdata-polyfill": ["formdata-polyfill@4.0.10", "", { "dependencies": { "fetch-blob": "^3.1.2" } }, "sha512-buewHzMvYL29jdeQTVILecSaZKnt/RJWjoZCF5OW60Z67/GmSLBkOFM7qh1PI3zFNtJbaZL5eQu1vLfazOwj4g=="],

    "humanize-ms": ["humanize-ms@1.2.1", "", { "dependencies": { "ms": "^2.0.0" } }, "sha512-Fl70vYtsAFb/C06PTS9dZBo7ihau+Tu/DNCk/OyHhea07S+aeMWpFFkUaXRa8fI+ScZbEI8dfSxwY7gxZ9SAVQ=="],

    "ieee754": ["ieee754@1.2.1", "", {}, "sha512-dcyqhDvX1C46lXZcVqCpK+FtMRQVdIMN6/Df5js2zouUsqG7I6sFxitIC+7KYK29KdXOLHdu9zL4sFnoVQnqaA=="],

    "isomorphic-ws": ["isomorphic-ws@4.0.1", "", { "peerDependencies": { "ws": "*" } }, "sha512-BhBvN2MBpWTaSHdWRb/bwdZJ1WaehQ2L1KngkCkfLUGF0mAWAT1sQUQacEmQ0jXkFw/czDXPNQSL5u2/Krsz1w=="],

    "isows": ["isows@1.0.7", "", { "peerDependencies": { "ws": "*" } }, "sha512-I1fSfDCZL5P0v33sVqeTDSpcstAg/N+wF5HS033mogOVIp4B+oHC7oOCsA3axAbBSGTJ8QubbNmnIRN/h8U7hg=="],

    "jayson": ["jayson@4.2.0", "", { "dependencies": { "@types/connect": "^3.4.33", "@types/node": "^12.12.54", "@types/ws": "^7.4.4", "commander": "^2.20.3", "delay": "^5.0.0", "es6-promisify": "^5.0.0", "eyes": "^0.1.8", "isomorphic-ws": "^4.0.1", "json-stringify-safe": "^5.0.1", "stream-json": "^1.9.1", "uuid": "^8.3.2", "ws": "^7.5.10" }, "bin": { "jayson": "bin/jayson.js" } }, "sha512-VfJ9t1YLwacIubLhONk0KFeosUBwstRWQ0IRT1KDjEjnVnSOVHC3uwugyV7L0c7R9lpVyrUGT2XWiBA1UTtpyg=="],

    "json-stringify-safe": ["json-stringify-safe@5.0.1", "", {}, "sha512-ZClg6AaYvamvYEE82d3Iyd3vSSIjQ+odgjaTzRuO3s7toCdFKczob2i0zCh7JE8kWn17yvAWhUVxvqGwUalsRA=="],

    "mock-socket": ["mock-socket@9.3.1", "", {}, "sha512-qxBgB7Qa2sEQgHFjj0dSigq7fX4k6Saisd5Nelwp2q8mlbAFh5dHV9JTTlF8viYJLSSWgMCZFUom8PJcMNBoJw=="],

    "ms": ["ms@2.1.3", "", {}, "sha512-6FlzubTLZG3J2a/NVCAleEhjzq5oxgHyaCU9yYXvcLsvoVaHJq/s5xXI6/XXP6tz7R9xAOtHnSO/tXtF3WRTlA=="],

    "nock": ["nock@13.5.6", "", { "dependencies": { "debug": "^4.1.0", "json-stringify-safe": "^5.0.1", "propagate": "^2.0.0" } }, "sha512-o2zOYiCpzRqSzPj0Zt/dQ/DqZeYoaQ7TUonc/xUPjCGl9WeHpNbxgVvOquXYAaJzI0M9BXV3HTzG0p8IUAbBTQ=="],

    "node-domexception": ["node-domexception@1.0.0", "", {}, "sha512-/jKZoMpw0F8GRwl4/eLROPA3cfcXtLApP0QzLmUT/HuPCZWyB7IY9ZrMeKw2O/nFIqPQB3PVM9aYm0F312AXDQ=="],

    "node-fetch": ["node-fetch@2.7.0", "", { "dependencies": { "whatwg-url": "^5.0.0" }, "peerDependencies": { "encoding": "^0.1.0" }, "optionalPeers": ["encoding"] }, "sha512-c4FRfUm/dbcWZ7U+1Wq0AwCyFL+3nt2bEw05wfxSz+DWpWsitgmSgYmy2dQdWyKC1694ELPqMs/YzUSNozLt8A=="],

    "node-gyp-build": ["node-gyp-build@4.8.4", "", { "bin": { "node-gyp-build": "bin.js", "node-gyp-build-optional": "optional.js", "node-gyp-build-test": "build-test.js" } }, "sha512-LA4ZjwlnUblHVgq0oBF3Jl/6h/Nvs5fzBLwdEF4nuxnFdsfajde4WfxtJr3CaiH+F6ewcIB/q4jQ4UzPyid+CQ=="],

    "ox": ["ox@0.8.6", "", { "dependencies": { "@adraffy/ens-normalize": "^1.11.0", "@noble/ciphers": "^1.3.0", "@noble/curves": "^1.9.1", "@noble/hashes": "^1.8.0", "@scure/bip32": "^1.7.0", "@scure/bip39": "^1.6.0", "abitype": "^1.0.8", "eventemitter3": "5.0.1" }, "peerDependencies": { "typescript": ">=5.4.0" }, "optionalPeers": ["typescript"] }, "sha512-eiKcgiVVEGDtEpEdFi1EGoVVI48j6icXHce9nFwCNM7CKG3uoCXKdr4TPhS00Iy1TR2aWSF1ltPD0x/YgqIL9w=="],

    "propagate": ["propagate@2.0.1", "", {}, "sha512-vGrhOavPSTz4QVNuBNdcNXePNdNMaO1xj9yBeH1ScQPjk/rhg9sSlCXPhMkFuaNNW/syTvYqsnbIJxMBfRbbag=="],

    "rpc-websockets": ["rpc-websockets@9.1.3", "", { "dependencies": { "@swc/helpers": "^0.5.11", "@types/uuid": "^8.3.4", "@types/ws": "^8.2.2", "buffer": "^6.0.3", "eventemitter3": "^5.0.1", "uuid": "^8.3.2", "ws": "^8.5.0" }, "optionalDependencies": { "bufferutil": "^4.0.1", "utf-8-validate": "^5.0.2" } }, "sha512-I+kNjW0udB4Fetr3vvtRuYZJS0PcSPyyvBcH5sDdoV8DFs5E4W2pTr7aiMlKfPxANTClP9RlqCPolj9dd5MsEA=="],

    "rxjs": ["rxjs@7.8.2", "", { "dependencies": { "tslib": "^2.1.0" } }, "sha512-dhKf903U/PQZY6boNNtAGdWbG85WAbjT/1xYoZIC7FAY0yWapOBQVsVrDl58W86//e1VpMNBtRV4MaXfdMySFA=="],

    "safe-buffer": ["safe-buffer@5.2.1", "", {}, "sha512-rp3So07KcdmmKbGvgaNxQSJr7bGVSVk5S9Eq1F+ppbRo70+YeaDxkw5Dd8NPN+GD6bjnYm2VuPuCXmpuYvmCXQ=="],

    "scale-ts": ["scale-ts@1.6.1", "", {}, "sha512-PBMc2AWc6wSEqJYBDPcyCLUj9/tMKnLX70jLOSndMtcUoLQucP/DM0vnQo1wJAYjTrQiq8iG9rD0q6wFzgjH7g=="],

    "smoldot": ["smoldot@2.0.26", "", { "dependencies": { "ws": "^8.8.1" } }, "sha512-F+qYmH4z2s2FK+CxGj8moYcd1ekSIKH8ywkdqlOz88Dat35iB1DIYL11aILN46YSGMzQW/lbJNS307zBSDN5Ig=="],

    "stream-chain": ["stream-chain@2.2.5", "", {}, "sha512-1TJmBx6aSWqZ4tx7aTpBDXK0/e2hhcNSTV8+CbFJtDjbb+I1mZ8lHit0Grw9GRT+6JbIrrDd8esncgBi8aBXGA=="],

    "stream-json": ["stream-json@1.9.1", "", { "dependencies": { "stream-chain": "^2.2.5" } }, "sha512-uWkjJ+2Nt/LO9Z/JyKZbMusL8Dkh97uUBTv3AJQ74y07lVahLY4eEFsPsE97pxYBwr8nnjMAIch5eqI0gPShyw=="],

    "superstruct": ["superstruct@2.0.2", "", {}, "sha512-uV+TFRZdXsqXTL2pRvujROjdZQ4RAlBUS5BTh9IGm+jTqQntYThciG/qu57Gs69yjnVUSqdxF9YLmSnpupBW9A=="],

    "text-encoding-utf-8": ["text-encoding-utf-8@1.0.2", "", {}, "sha512-8bw4MY9WjdsD2aMtO0OzOCY3pXGYNx2d2FfHRVUKkiCPDWjKuOlhLVASS+pD7VkLTVjW268LYJHwsnPFlBpbAg=="],

    "tr46": ["tr46@0.0.3", "", {}, "sha512-N3WMsuqV66lT30CrXNbEjx4GEwlow3v6rr4mCcv6prnfwhS01rkgyFdjPNBYd9br7LpXV1+Emh01fHnq2Gdgrw=="],

    "tslib": ["tslib@2.8.1", "", {}, "sha512-oJFu94HQb+KVduSUQL7wnpmqnfmLsOA/nAh6b6EH0wCEoK0/mPeXU6c3wKDV83MkOuHPRHtSXKKU99IBazS/2w=="],

    "typescript": ["typescript@5.9.2", "", { "bin": { "tsc": "bin/tsc", "tsserver": "bin/tsserver" } }, "sha512-CWBzXQrc/qOkhidw1OzBTQuYRbfyxDXJMVJ1XNwUHGROVmuaeiEm3OslpZ1RV96d7SKKjZKrSJu3+t/xlw3R9A=="],

    "undici-types": ["undici-types@7.10.0", "", {}, "sha512-t5Fy/nfn+14LuOc2KNYg75vZqClpAiqscVvMygNnlsHBFpSXdJaYtXMcdNLpl/Qvc3P2cB3s6lOV51nqsFq4ag=="],

    "utf-8-validate": ["utf-8-validate@5.0.10", "", { "dependencies": { "node-gyp-build": "^4.3.0" } }, "sha512-Z6czzLq4u8fPOyx7TU6X3dvUZVvoJmxSQ+IcrlmagKhilxlhZgxPK6C5Jqbkw1IDUmFTM+cz9QDnnLTwDz/2gQ=="],

    "uuid": ["uuid@8.3.2", "", { "bin": { "uuid": "dist/bin/uuid" } }, "sha512-+NYs2QeMWy+GWFOEm9xnn6HCDp0l7QBD7ml8zLUmJ+93Q5NF0NocErnwkTkXVFNiX3/fpC6afS8Dhb/gz7R7eg=="],

    "viem": ["viem@2.33.3", "", { "dependencies": { "@noble/curves": "1.9.2", "@noble/hashes": "1.8.0", "@scure/bip32": "1.7.0", "@scure/bip39": "1.6.0", "abitype": "1.0.8", "isows": "1.0.7", "ox": "0.8.6", "ws": "8.18.2" }, "peerDependencies": { "typescript": ">=5.0.4" }, "optionalPeers": ["typescript"] }, "sha512-aWDr6i6r3OfNCs0h9IieHFhn7xQJJ8YsuA49+9T5JRyGGAkWhLgcbLq2YMecgwM7HdUZpx1vPugZjsShqNi7Gw=="],

    "web-streams-polyfill": ["web-streams-polyfill@3.3.3", "", {}, "sha512-d2JWLCivmZYTSIoge9MsgFCZrt571BikcWGYkjC1khllbTeDlGqZ2D8vD8E/lJa8WGWbb7Plm8/XJYV7IJHZZw=="],

    "webidl-conversions": ["webidl-conversions@3.0.1", "", {}, "sha512-2JAn3z8AR6rjK8Sm8orRC0h/bcl/DqL7tRPdGZ4I1CjdF+EaMLmYxBHyXuKL849eucPFhvBoxMsflfOb8kxaeQ=="],

    "whatwg-url": ["whatwg-url@5.0.0", "", { "dependencies": { "tr46": "~0.0.3", "webidl-conversions": "^3.0.0" } }, "sha512-saE57nupxk6v3HY35+jzBwYa0rKSy0XR8JSxZPwgLr7ys0IBzhGviA1/TUGJLmSVqs8pb9AnvICXEuOHLprYTw=="],

    "ws": ["ws@8.18.2", "", { "peerDependencies": { "bufferutil": "^4.0.1", "utf-8-validate": ">=5.0.2" }, "optionalPeers": ["bufferutil", "utf-8-validate"] }, "sha512-DMricUmwGZUVr++AEAe2uiVM7UoO9MAVZMDu05UQOaUII0lp+zOzLLU4Xqh/JvTqklB1T4uELaaPBKyjE1r4fQ=="],

    "@polkadot/x-fetch/node-fetch": ["node-fetch@3.3.2", "", { "dependencies": { "data-uri-to-buffer": "^4.0.0", "fetch-blob": "^3.1.4", "formdata-polyfill": "^4.0.10" } }, "sha512-dRB78srN/l6gqWulah9SrxeYnxeddIG30+GOqK/9OlLVyLg3HPnr6SqOWTWOXKRwC2eGYCkZ59NNuSgvSrpgOA=="],

    "@solana/errors/commander": ["commander@14.0.0", "", {}, "sha512-2uM9rYjPvyq39NwLRqaiLtWHyDC1FvryJDa2ATTVims5YAS4PupsEQsDvP14FqhFr0P49CYDugi59xaxJlTXRA=="],

    "jayson/@types/node": ["@types/node@12.20.55", "", {}, "sha512-J8xLz7q2OFulZ2cyGTLE1TbbZcjpno7FaN6zdJNrgAdrJ+DZzh/uFR6YrTb4C+nXakvud8Q4+rbhoIWlYQbUFQ=="],

    "jayson/ws": ["ws@7.5.10", "", { "peerDependencies": { "bufferutil": "^4.0.1", "utf-8-validate": "^5.0.2" }, "optionalPeers": ["bufferutil", "utf-8-validate"] }, "sha512-+dbF1tHwZpXcbOJdVOkzLDxZP1ailvSxM6ZweXTegylPny803bFhA+vqBYw4s31NSAk4S2Qz+AKXK9a4wkdjcQ=="],

    "rpc-websockets/@types/ws": ["@types/ws@8.18.1", "", { "dependencies": { "@types/node": "*" } }, "sha512-ThVF6DCVhA8kUGy+aazFQ4kXQ7E1Ty7A3ypFOe0IcJV8O/M511G99AW24irKrW56Wt44yG9+ij8FaqoBGkuBXg=="],
  }
}
